
Microsoft Visual Studio Solution File, Format Version 12.00
# Visual Studio Version 17
VisualStudioVersion = 17.6.33723.286
MinimumVisualStudioVersion = 10.0.40219.1
Project("{8BC9CEB8-8B4A-11D0-8D11-00A0C91BC942}") = "proga_2_C", "proga_2_C.vcxproj", "{7156BC6B-8A7E-4B9F-BA5E-37585A855D63}"
EndProject
Global
	GlobalSection(SolutionConfigurationPlatforms) = preSolution
		Debug|x64 = Debug|x64
		Debug|x86 = Debug|x86
		Release|x64 = Release|x64
		Release|x86 = Release|x86
	EndGlobalSection
	GlobalSection(ProjectConfigurationPlatforms) = postSolution
		{7156BC6B-8A7E-4B9F-BA5E-37585A855D63}.Debug|x64.ActiveCfg = Debug|x64
		{7156BC6B-8A7E-4B9F-BA5E-37585A855D63}.Debug|x64.Build.0 = Debug|x64
		{7156BC6B-8A7E-4B9F-BA5E-37585A855D63}.Debug|x86.ActiveCfg = Debug|Win32
		{7156BC6B-8A7E-4B9F-BA5E-37585A855D63}.Debug|x86.Build.0 = Debug|Win32
		{7156BC6B-8A7E-4B9F-BA5E-37585A855D63}.Release|x64.ActiveCfg = Release|x64
		{7156BC6B-8A7E-4B9F-BA5E-37585A855D63}.Release|x64.Build.0 = Release|x64
		{7156BC6B-8A7E-4B9F-BA5E-37585A855D63}.Release|x86.ActiveCfg = Release|Win32
		{7156BC6B-8A7E-4B9F-BA5E-37585A855D63}.Release|x86.Build.0 = Release|Win32
	EndGlobalSection
	GlobalSection(SolutionProperties) = preSolution
		HideSolutionNode = FALSE
	EndGlobalSection
	GlobalSection(ExtensibilityGlobals) = postSolution
		SolutionGuid = {9811D698-E5E0-4440-8953-73938256C386}
	EndGlobalSection
EndGlobal
